
Microsoft Visual Studio Solution File, Format Version 12.00
# Visual Studio Version 17
VisualStudioVersion = 17.3.32825.248
MinimumVisualStudioVersion = 10.0.40219.1
Project("{8BC9CEB8-8B4A-11D0-8D11-00A0C91BC942}") = "Exercise2-6", "Exercise2-6.vcxproj", "{AEA770D2-06CD-4F13-B924-C303674B782A}"
EndProject
Global
	GlobalSection(SolutionConfigurationPlatforms) = preSolution
		Debug|x64 = Debug|x64
		Debug|x86 = Debug|x86
		Release|x64 = Release|x64
		Release|x86 = Release|x86
	EndGlobalSection
	GlobalSection(ProjectConfigurationPlatforms) = postSolution
		{AEA770D2-06CD-4F13-B924-C303674B782A}.Debug|x64.ActiveCfg = Debug|x64
		{AEA770D2-06CD-4F13-B924-C303674B782A}.Debug|x64.Build.0 = Debug|x64
		{AEA770D2-06CD-4F13-B924-C303674B782A}.Debug|x86.ActiveCfg = Debug|Win32
		{AEA770D2-06CD-4F13-B924-C303674B782A}.Debug|x86.Build.0 = Debug|Win32
		{AEA770D2-06CD-4F13-B924-C303674B782A}.Release|x64.ActiveCfg = Release|x64
		{AEA770D2-06CD-4F13-B924-C303674B782A}.Release|x64.Build.0 = Release|x64
		{AEA770D2-06CD-4F13-B924-C303674B782A}.Release|x86.ActiveCfg = Release|Win32
		{AEA770D2-06CD-4F13-B924-C303674B782A}.Release|x86.Build.0 = Release|Win32
	EndGlobalSection
	GlobalSection(SolutionProperties) = preSolution
		HideSolutionNode = FALSE
	EndGlobalSection
	GlobalSection(ExtensibilityGlobals) = postSolution
		SolutionGuid = {9FC80CD2-B91C-411B-B384-3E74D761BED4}
	EndGlobalSection
EndGlobal
